
Microsoft Visual Studio Solution File, Format Version 12.00
# Visual Studio Version 16
VisualStudioVersion = 16.0.30907.101
MinimumVisualStudioVersion = 10.0.40219.1
Project("{FAE04EC0-301F-11D3-BF4B-00C04F79EFBC}") = "technical assessmen", "technical assessmen\technical assessmen.csproj", "{73C483CA-B542-4CF0-B805-8DFF53DA87D0}"
EndProject
Project("{FAE04EC0-301F-11D3-BF4B-00C04F79EFBC}") = "webClient", "webClient\webClient.csproj", "{999E907C-54FC-4E40-BF72-90331DB43BEA}"
EndProject
Global
	GlobalSection(SolutionConfigurationPlatforms) = preSolution
		Debug|Any CPU = Debug|Any CPU
		Release|Any CPU = Release|Any CPU
	EndGlobalSection
	GlobalSection(ProjectConfigurationPlatforms) = postSolution
		{73C483CA-B542-4CF0-B805-8DFF53DA87D0}.Debug|Any CPU.ActiveCfg = Debug|Any CPU
		{73C483CA-B542-4CF0-B805-8DFF53DA87D0}.Debug|Any CPU.Build.0 = Debug|Any CPU
		{73C483CA-B542-4CF0-B805-8DFF53DA87D0}.Release|Any CPU.ActiveCfg = Release|Any CPU
		{73C483CA-B542-4CF0-B805-8DFF53DA87D0}.Release|Any CPU.Build.0 = Release|Any CPU
		{999E907C-54FC-4E40-BF72-90331DB43BEA}.Debug|Any CPU.ActiveCfg = Debug|Any CPU
		{999E907C-54FC-4E40-BF72-90331DB43BEA}.Debug|Any CPU.Build.0 = Debug|Any CPU
		{999E907C-54FC-4E40-BF72-90331DB43BEA}.Release|Any CPU.ActiveCfg = Release|Any CPU
		{999E907C-54FC-4E40-BF72-90331DB43BEA}.Release|Any CPU.Build.0 = Release|Any CPU
	EndGlobalSection
	GlobalSection(SolutionProperties) = preSolution
		HideSolutionNode = FALSE
	EndGlobalSection
	GlobalSection(ExtensibilityGlobals) = postSolution
		SolutionGuid = {9123C1DF-5117-40A5-95FB-9DA158B4F4B5}
	EndGlobalSection
EndGlobal
